
Microsoft Visual Studio Solution File, Format Version 12.00
# Visual Studio Version 17
VisualStudioVersion = 17.4.33213.308
MinimumVisualStudioVersion = 10.0.40219.1
Project("{FAE04EC0-301F-11D3-BF4B-00C04F79EFBC}") = "Rimworld_Gardening", "Rimworld_Gardening.csproj", "{67668057-A42B-4868-9EF2-4F99B39117BE}"
EndProject
Global
	GlobalSection(SolutionConfigurationPlatforms) = preSolution
		Debug|Any CPU = Debug|Any CPU
		Release|Any CPU = Release|Any CPU
	EndGlobalSection
	GlobalSection(ProjectConfigurationPlatforms) = postSolution
		{67668057-A42B-4868-9EF2-4F99B39117BE}.Debug|Any CPU.ActiveCfg = Debug|Any CPU
		{67668057-A42B-4868-9EF2-4F99B39117BE}.Debug|Any CPU.Build.0 = Debug|Any CPU
		{67668057-A42B-4868-9EF2-4F99B39117BE}.Release|Any CPU.ActiveCfg = Release|Any CPU
		{67668057-A42B-4868-9EF2-4F99B39117BE}.Release|Any CPU.Build.0 = Release|Any CPU
	EndGlobalSection
	GlobalSection(SolutionProperties) = preSolution
		HideSolutionNode = FALSE
	EndGlobalSection
	GlobalSection(ExtensibilityGlobals) = postSolution
		SolutionGuid = {9EE35156-92AD-4622-B57A-3BE6EB9336AC}
	EndGlobalSection
EndGlobal
